{
    "_meta": {
        "hash": {
            "sha256": "c67220c244c5869c3b02f9a77df6045ec25ba9df31cab155ab183f2eee6e8e88"
        },
        "pipfile-spec": 6,
        "requires": {},
        "sources": [
            {
                "name": "pypi",
                "url": "https://pypi.python.org/simple",
                "verify_ssl": true
            }
        ]
    },
    "default": {
        "attrs": {
            "hashes": [
                "sha256:08a96c641c3a74e44eb59afb61a24f2cb9f4d7188748e76ba4bb5edfa3cb7d1c",
                "sha256:f7b7ce16570fe9965acd6d30101a28f62fb4a7f9e926b3bbc9b61f8b04247e72"
            ],
            "version": "==19.3.0"
        },
        "certifi": {
            "hashes": [
                "sha256:1d987a998c75633c40847cc966fcf5904906c920a7f17ef374f5aa4282abd304",
                "sha256:51fcb31174be6e6664c5f69e3e1691a2d72a1a12e90f872cbdb1567eb47b6519"
            ],
            "version": "==2020.4.5.1"
        },
        "chardet": {
            "hashes": [
                "sha256:84ab92ed1c4d4f16916e05906b6b75a6c0fb5db821cc65e70cbd64a3e2a5eaae",
                "sha256:fc323ffcaeaed0e0a02bf4d117757b98aed530d9ed4531e3e15460124c106691"
            ],
            "version": "==3.0.4"
        },
        "coverage": {
            "hashes": [
                "sha256:007eeef7e23f9473622f7d94a3e029a45d55a92a1f083f0f3512f5ab9a669b05",
                "sha256:079248312838c4c8f3494934ab7382a42d42d5f365f0cf7516f938dbb3f53f3f",
                "sha256:17307429935f96c986a1b1674f78079528833410750321d22b5fb35d1883828e",
                "sha256:2ad357d12971e77360034c1596011a03f50c0f9e1ecd12e081342b8d1aee2236",
                "sha256:2e1a5c6adebb93c3b175103c2f855eda957283c10cf937d791d81bef8872d6ca",
                "sha256:309d91bd7a35063ec7a0e4d75645488bfab3f0b66373e7722f23da7f5b0f34cc",
                "sha256:358d635b1fc22a425444d52f26287ae5aea9e96e254ff3c59c407426f44574f4",
                "sha256:3f4d0b3403d3e110d2588c275540649b1841725f5a11a7162620224155d00ba2",
                "sha256:493082f104b5ca920e97a485913de254cbe351900deed72d4264571c73464cd0",
                "sha256:4c4f368ffe1c2e7602359c2c50233269f3abe1c48ca6b288dcd0fb1d1c679733",
                "sha256:5ff16548492e8a12e65ff3d55857ccd818584ed587a6c2898a9ebbe09a880674",
                "sha256:66f393e10dd866be267deb3feca39babba08ae13763e0fc7a1063cbe1f8e49f6",
                "sha256:700d7579995044dc724847560b78ac786f0ca292867447afda7727a6fbaa082e",
                "sha256:81912cfe276e0069dca99e1e4e6be7b06b5fc8342641c6b472cb2fed7de7ae18",
                "sha256:82cbd3317320aa63c65555aa4894bf33a13fb3a77f079059eb5935eea415938d",
                "sha256:845fddf89dca1e94abe168760a38271abfc2e31863fbb4ada7f9a99337d7c3dc",
                "sha256:87d942863fe74b1c3be83a045996addf1639218c2cb89c5da18c06c0fe3917ea",
                "sha256:9721f1b7275d3112dc7ccf63f0553c769f09b5c25a26ee45872c7f5c09edf6c1",
                "sha256:a7cfaebd8f24c2b537fa6a271229b051cdac9c1734bb6f939ccfc7c055689baa",
                "sha256:b0059630ca5c6b297690a6bf57bf2fdac1395c24b7935fd73ee64190276b743b",
                "sha256:bd4800e32b4c8d99c3a2c943f1ac430cbf80658d884123d19639bcde90dad44a",
                "sha256:cdd92dd9471e624cd1d8c1a2703d25f114b59b736b0f1f659a98414e535ffb3d",
                "sha256:d00e29b78ff610d300b2c37049a41234d48ea4f2d2581759ebcf67caaf731c31",
                "sha256:d1ee76f560c3c3e8faada866a07a32485445e16ed2206ac8378bd90dadffb9f0",
                "sha256:dd707a21332615108b736ef0b8513d3edaf12d2a7d5fc26cd04a169a8ae9b526",
                "sha256:e3ba9b14607c23623cf38f90b23f5bed4a3be87cbfa96e2e9f4eabb975d1e98b",
                "sha256:e9a0e1caed2a52f15c96507ab78a48f346c05681a49c5b003172f8073da6aa6b",
                "sha256:eea9135432428d3ca7ee9be86af27cb8e56243f73764a9b6c3e0bda1394916be",
                "sha256:f29841e865590af72c4b90d7b5b8e93fd560f5dea436c1d5ee8053788f9285de",
                "sha256:f3a5c6d054c531536a83521c00e5d4004f1e126e2e2556ce399bef4180fbe540",
                "sha256:f87f522bde5540d8a4b11df80058281ac38c44b13ce29ced1e294963dd51a8f8",
                "sha256:f8c55dd0f56d3d618dfacf129e010cbe5d5f94b6951c1b2f13ab1a2f79c284da"
            ],
            "index": "pypi",
            "version": "==4.4.2"
        },
        "django": {
            "hashes": [
                "sha256:84f370f6acedbe1f3c41e1a02de44ac206efda3355e427139ecb785b5f596d80",
                "sha256:e8fe3c2b2212dce6126becab7a693157f1a441a07b62ec994c046c76af5bb66d"
            ],
            "index": "pypi",
            "version": "==2.2.13"
        },
        "idna": {
            "hashes": [
                "sha256:7588d1c14ae4c77d74036e8c22ff447b26d0fde8f007354fd48a7814db15b7cb",
                "sha256:a068a21ceac8a4d63dbfd964670474107f541babbd2250d61922f029858365fa"
            ],
            "version": "==2.9"
        },
        "more-itertools": {
            "hashes": [
                "sha256:558bb897a2232f5e4f8e2399089e35aecb746e1f9191b6584a151647e89267be",
                "sha256:7818f596b1e87be009031c7653d01acc46ed422e6656b394b0f765ce66ed4982"
            ],
            "version": "==8.3.0"
        },
        "packaging": {
            "hashes": [
                "sha256:4357f74f47b9c12db93624a82154e9b120fa8293699949152b22065d556079f8",
                "sha256:998416ba6962ae7fbd6596850b80e17859a5753ba17c32284f67bfff33784181"
            ],
            "version": "==20.4"
        },
        "pillow": {
            "hashes": [
                "sha256:0013f590a8f260df60bcfd65db19d18efc04e7f046c3c82a40e2e2b3292a937c",
                "sha256:0b899ee80920bb533f26581af9b4660bc12aff4562555afe74e429101ebf3c94",
                "sha256:12f29d6c23424f704c66b5b68c02fe0b571504459605cfe36ab8158359b0e1bb",
                "sha256:153ec6f18f7b61641e0e6e502acfaf4a06c9aba2ea11c0b4b3578ea9f13a4a4a",
                "sha256:1912b7230459fd53682dae32b83cbd8e5d642ba36d4be18566f00a9c063aa13d",
                "sha256:1a5b93084e01328a1cb1ecdad99d11d75e881e89a95f88d85b523646553b36c2",
                "sha256:25193f934d37d836a6b1f4c062ce574a96cbca7c6d9dc8ddfbbac7f9c54deaa4",
                "sha256:2fcde9954c8882d1c7f93bb828caa34a4c5e3ee69dbc7895dc8652ad972b455a",
                "sha256:35f7d998b8e82fb3fb51ff88b30485eb81cd7dd56ec7e1a8deba23eb88532d44",
                "sha256:43334f9581cd067945b8898cef9eb5714ee4883f8de0304c011f1dbdb1d4e2aa",
                "sha256:4bd4a71501b6d51db4abc07e1f43f5a6fed0a1a9583cca0b401d6af50284b0db",
                "sha256:5b0d657460d9f3615876fec6306e97ca15a471f6169b622d76a47e270998acf1",
                "sha256:6977cf073d83358b34f93abf5c1f1193b88675fe0e4441e0e28318bc3dcba7a0",
                "sha256:718ec7a122b28d64afc5fbc3a9b99bb0545ef511373cac06fe7624520e82cb20",
                "sha256:801cca8923508311bf5d6d0f7da5362552e8208ebd8ec0d7b9f2cd2ff5705734",
                "sha256:8580fc58074a16b749905b26cf8363f7b628dd167ba0130f5382cdc91c86b509",
                "sha256:9525cd680a6f9e80c6c0af03cf973e6505c59f60b4745f682cd1a449e54b31bb",
                "sha256:a224651a81e45ef4f1d0164e256c5f6b4abb49f2ae8f22ba2f3a9d0ff338e608",
                "sha256:a370d1c570f1d72e877099651e752332444b1c5009381f043c9da5fd47f3ebae",
                "sha256:b1d33c63a55d0d85df0ad02b2c16158fb4d8153afa7b908f1a67330fac694cd6",
                "sha256:b2240f298482f823576f397bb9f32ea913ad9456c526e141bc6f0a022b37a3e8",
                "sha256:b85f703c2ffe539313e39ce0676bed0f355cec45a16e58c9ab7417445843047c",
                "sha256:b9f63451084a718eccdeb1e382768c94647915653af4d6019f64560d9e98642b",
                "sha256:c793dfaa130847ccff958492b76ae8b9304e60b8a79a92962cb19e368276a22b",
                "sha256:ddd16ab250b4fc97db1c47407e78c25216a75c29d29d10ad37e51b7a2ec7b2c3"
            ],
            "index": "pypi",
            "version": "==5.0.0"
        },
        "pluggy": {
            "hashes": [
                "sha256:15b2acde666561e1298d71b523007ed7364de07029219b604cf808bfa1c765b0",
                "sha256:966c145cd83c96502c3c3868f50408687b38434af77734af1e9ca461a4081d2d"
            ],
            "version": "==0.13.1"
        },
        "py": {
            "hashes": [
                "sha256:5e27081401262157467ad6e7f851b7aa402c5852dbcb3dae06768434de5752aa",
                "sha256:c20fdd83a5dbc0af9efd622bee9a5564e278f6380fffcacc43ba6f43db2813b0"
            ],
            "version": "==1.8.1"
        },
        "pyparsing": {
            "hashes": [
                "sha256:c203ec8783bf771a155b207279b9bccb8dea02d8f0c9e5f8ead507bc3246ecc1",
                "sha256:ef9d7589ef3c200abe66653d3f1ab1033c3c419ae9b9bdb1240a85b024efc88b"
            ],
            "version": "==2.4.7"
        },
        "pytest": {
            "hashes": [
                "sha256:5c0db86b698e8f170ba4582a492248919255fcd4c79b1ee64ace34301fb589a1",
                "sha256:7979331bfcba207414f5e1263b5a0f8f521d0f457318836a7355531ed1a4c7d8"
            ],
            "version": "==5.4.3"
        },
        "pytest-base-url": {
            "hashes": [
                "sha256:31e42366a5fc22f450b398837dc819bb7569f5e6bd5d74e494b2b9ec239876d1",
                "sha256:7425e8163345494ac7f544e99c6f3e5a08f4228bee5e26013b98c462a4d31f6e"
            ],
            "version": "==1.4.1"
        },
        "pytest-cov": {
            "hashes": [
                "sha256:03aa752cf11db41d281ea1d807d954c4eda35cfa1b21d6971966cc041bbf6e2d",
                "sha256:890fe5565400902b0c78b5357004aab1c814115894f4f21370e2433256a3eeec"
            ],
            "index": "pypi",
            "version": "==2.5.1"
        },
        "pytest-django": {
            "hashes": [
                "sha256:00995c2999b884a38ae9cd30a8c00ed32b3d38c1041250ea84caf18085589662",
                "sha256:038ccc5a9daa1b1b0eb739ab7dce54e495811eca5ea3af4815a2a3ac45152309"
            ],
            "index": "pypi",
            "version": "==3.1.2"
        },
        "pytest-html": {
            "hashes": [
                "sha256:6a4ac391e105e391208e3eb9bd294a60dd336447fd8e1acddff3a6de7f4e57c5",
                "sha256:9e4817e8be8ddde62e8653c8934d0f296b605da3d2277a052f762c56a8b32df2"
            ],
            "version": "==2.1.1"
        },
        "pytest-metadata": {
            "hashes": [
                "sha256:168d203abba8cabb65cf1b5fa675b0ba60dccbf1825d147960876a7e6f7c219c",
                "sha256:91d09c0e367e93c63c98461e9960833f465bff53d00ed2f8ccf680205e5053a4"
            ],
            "version": "==1.9.0"
        },
        "pytest-selenium": {
            "hashes": [
                "sha256:9a0c48c434b538387ed6fa9d0c2f0b2e32f4fb71a4c41754df49be0aa4c64ae1",
                "sha256:b66651fe7cbeee02b511f7b59f250ca77fcdb6024f193ca10da27d1d91240688"
            ],
            "index": "pypi",
            "version": "==1.11.4"
        },
        "pytest-variables": {
            "hashes": [
                "sha256:ccf4afcd70de1f5f18b4463758a19f24647a9def1805f675e80db851c9e00ac0",
                "sha256:f79851e4c92a94c93d3f1d02377b5ac97cc8800392e87d108d2cbfda774ecc2a"
            ],
            "version": "==1.9.0"
        },
        "python-resize-image": {
            "hashes": [
                "sha256:41fb4420db20451d26e59441de4f9e59e02e4fff34fb0ba7216b045d1cf10cdd"
            ],
            "index": "pypi",
            "version": "==1.1.11"
        },
        "pytz": {
            "hashes": [
                "sha256:a494d53b6d39c3c6e44c3bec237336e14305e4f29bbf800b599253057fbb79ed",
                "sha256:c35965d010ce31b23eeb663ed3cc8c906275d6be1a34393a1d73a41febf4a048"
            ],
            "version": "==2020.1"
        },
        "requests": {
            "hashes": [
                "sha256:43999036bfa82904b6af1d99e4882b560e5e2c68e5c4b0aa03b655f3d7d73fee",
                "sha256:b3f43d496c6daba4493e7c431722aeb7dbc6288f52a6e04e7b6023b0247817e6"
            ],
            "version": "==2.23.0"
        },
        "selenium": {
            "hashes": [
                "sha256:5acb9cdbc2d1a7fbb3e16a8ce9246211cc371f0367ad9c6bc2273cca60a6b045",
                "sha256:9abd2dbd4a5e9b778483ce7e5adf1ea9364fcbc29da488e979213c825a1515d3"
            ],
            "index": "pypi",
            "version": "==3.8.1"
        },
        "six": {
            "hashes": [
                "sha256:30639c035cdb23534cd4aa2dd52c3bf48f06e5f4a941509c8bafd8ce11080259",
                "sha256:8b74bedcbbbaca38ff6d7491d76f2b06b3592611af620f8426e82dddb04a5ced"
            ],
            "version": "==1.15.0"
        },
        "sqlparse": {
            "hashes": [
                "sha256:022fb9c87b524d1f7862b3037e541f68597a730a8843245c349fc93e1643dc4e",
                "sha256:e162203737712307dfe78860cc56c8da8a852ab2ee33750e33aeadf38d12c548"
            ],
            "version": "==0.3.1"
        },
        "urllib3": {
            "hashes": [
                "sha256:3018294ebefce6572a474f0604c2021e33b3fd8006ecd11d62107a5d2a963527",
                "sha256:88206b0eb87e6d677d424843ac5209e3fb9d0190d0ee169599165ec25e9d9115"
            ],
            "version": "==1.25.9"
        },
        "wcwidth": {
            "hashes": [
                "sha256:980fbf4f3c196c0f329cdcd1e84c554d6a211f18e252e525a0cf4223154a41d6",
                "sha256:edbc2b718b4db6cdf393eefe3a420183947d6aa312505ce6754516f458ff8830"
            ],
            "version": "==0.2.3"
        }
    },
    "develop": {
        "jedi": {
            "hashes": [
                "sha256:d6e799d04d1ade9459ed0f20de47c32f2285438956a677d083d3c98def59fa97",
                "sha256:d795f2c2e659f5ea39a839e5230d70a0b045d0daee7ca2403568d8f348d0ad89"
            ],
            "index": "pypi",
            "version": "==0.11.1"
        },
        "parso": {
            "hashes": [
                "sha256:5815f3fe254e5665f3c5d6f54f086c2502035cb631a91341591b5a564203cffb",
                "sha256:a7bb86fe0844304869d1c08e8bd0e52be931228483025c422917411ab82d628a"
            ],
            "version": "==0.1.1"
        }
    }
}
